
Microsoft Visual Studio Solution File, Format Version 12.00
# Visual Studio Version 17
VisualStudioVersion = 17.3.32825.248
MinimumVisualStudioVersion = 10.0.40219.1
Project("{9A19103F-16F7-4668-BE54-9A1E7A4F7556}") = "SakuraJounin", "SakuraJounin\SakuraJounin.csproj", "{9EFA551B-8395-42E6-8EC2-62007200605F}"
EndProject
Global
	GlobalSection(SolutionConfigurationPlatforms) = preSolution
		Debug|Any CPU = Debug|Any CPU
		Release|Any CPU = Release|Any CPU
	EndGlobalSection
	GlobalSection(ProjectConfigurationPlatforms) = postSolution
		{9EFA551B-8395-42E6-8EC2-62007200605F}.Debug|Any CPU.ActiveCfg = Debug|Any CPU
		{9EFA551B-8395-42E6-8EC2-62007200605F}.Debug|Any CPU.Build.0 = Debug|Any CPU
		{9EFA551B-8395-42E6-8EC2-62007200605F}.Release|Any CPU.ActiveCfg = Release|Any CPU
		{9EFA551B-8395-42E6-8EC2-62007200605F}.Release|Any CPU.Build.0 = Release|Any CPU
	EndGlobalSection
	GlobalSection(SolutionProperties) = preSolution
		HideSolutionNode = FALSE
	EndGlobalSection
	GlobalSection(ExtensibilityGlobals) = postSolution
		SolutionGuid = {DB4F8D23-A924-4444-B531-3ED8CEE66252}
	EndGlobalSection
EndGlobal
